
Microsoft Visual Studio Solution File, Format Version 12.00
# Visual Studio 2013
VisualStudioVersion = 12.0.21005.1
MinimumVisualStudioVersion = 10.0.40219.1
Project("{FAE04EC0-301F-11D3-BF4B-00C04F79EFBC}") = "Illallangi.ImageManipulation.PowerShell", "Illallangi.ImageManipulation.PowerShell\Illallangi.ImageManipulation.PowerShell.csproj", "{28CF9FC6-398E-4C75-A1FD-2F0DD7014358}"
EndProject
Project("{2150E333-8FDC-42A3-9474-1A3956D46DE8}") = "Solution Items", "Solution Items", "{EC8373DC-1F3C-42FC-B7D4-169CCD95D4C7}"
	ProjectSection(SolutionItems) = preProject
		..\build.cmd = ..\build.cmd
		..\build.proj = ..\build.proj
		..\build.wxs = ..\build.wxs
	EndProjectSection
EndProject
Global
	GlobalSection(SolutionConfigurationPlatforms) = preSolution
		Debug|Any CPU = Debug|Any CPU
		Release|Any CPU = Release|Any CPU
	EndGlobalSection
	GlobalSection(ProjectConfigurationPlatforms) = postSolution
		{28CF9FC6-398E-4C75-A1FD-2F0DD7014358}.Debug|Any CPU.ActiveCfg = Debug|Any CPU
		{28CF9FC6-398E-4C75-A1FD-2F0DD7014358}.Debug|Any CPU.Build.0 = Debug|Any CPU
		{28CF9FC6-398E-4C75-A1FD-2F0DD7014358}.Release|Any CPU.ActiveCfg = Release|Any CPU
		{28CF9FC6-398E-4C75-A1FD-2F0DD7014358}.Release|Any CPU.Build.0 = Release|Any CPU
	EndGlobalSection
	GlobalSection(SolutionProperties) = preSolution
		HideSolutionNode = FALSE
	EndGlobalSection
EndGlobal
